
Microsoft Visual Studio Solution File, Format Version 12.00
# Visual Studio Version 17
VisualStudioVersion = 17.5.33627.172
MinimumVisualStudioVersion = 10.0.40219.1
Project("{9A19103F-16F7-4668-BE54-9A1E7A4F7556}") = "CFPOS", "CFPOS\CFPOS.csproj", "{6DA403C9-45E2-471D-AFF4-36449C8F2017}"
EndProject
Project("{9A19103F-16F7-4668-BE54-9A1E7A4F7556}") = "Services", "Service\Services.csproj", "{48B4206D-FB23-436A-A16C-6DC1DFE51A47}"
EndProject
Global
	GlobalSection(SolutionConfigurationPlatforms) = preSolution
		Debug|Any CPU = Debug|Any CPU
		Release|Any CPU = Release|Any CPU
	EndGlobalSection
	GlobalSection(ProjectConfigurationPlatforms) = postSolution
		{6DA403C9-45E2-471D-AFF4-36449C8F2017}.Debug|Any CPU.ActiveCfg = Debug|Any CPU
		{6DA403C9-45E2-471D-AFF4-36449C8F2017}.Debug|Any CPU.Build.0 = Debug|Any CPU
		{6DA403C9-45E2-471D-AFF4-36449C8F2017}.Release|Any CPU.ActiveCfg = Release|Any CPU
		{6DA403C9-45E2-471D-AFF4-36449C8F2017}.Release|Any CPU.Build.0 = Release|Any CPU
		{48B4206D-FB23-436A-A16C-6DC1DFE51A47}.Debug|Any CPU.ActiveCfg = Debug|Any CPU
		{48B4206D-FB23-436A-A16C-6DC1DFE51A47}.Debug|Any CPU.Build.0 = Debug|Any CPU
		{48B4206D-FB23-436A-A16C-6DC1DFE51A47}.Release|Any CPU.ActiveCfg = Release|Any CPU
		{48B4206D-FB23-436A-A16C-6DC1DFE51A47}.Release|Any CPU.Build.0 = Release|Any CPU
	EndGlobalSection
	GlobalSection(SolutionProperties) = preSolution
		HideSolutionNode = FALSE
	EndGlobalSection
	GlobalSection(ExtensibilityGlobals) = postSolution
		SolutionGuid = {DEE47284-D64B-4FD4-816C-8B267E27ECDC}
	EndGlobalSection
EndGlobal
